// !$*UTF8*$!
{
	archiveVersion = 1;
	classes = {
	};
	objectVersion = 46;
	objects = {

/* Begin PBXBuildFile section */
		2C2135D11E64604F008F1AF5 /* User.swift in Sources */ = {isa = PBXBuildFile; fileRef = 2C2135D01E64604F008F1AF5 /* User.swift */; };
		2C2135D31E64605F008F1AF5 /* Tweet.swift in Sources */ = {isa = PBXBuildFile; fileRef = 2C2135D21E64605F008F1AF5 /* Tweet.swift */; };
		2C6949F21E5DA7F1008BBB79 /* AppDelegate.swift in Sources */ = {isa = PBXBuildFile; fileRef = 2C6949F11E5DA7F1008BBB79 /* AppDelegate.swift */; };
		2C6949F71E5DA7F1008BBB79 /* Main.storyboard in Resources */ = {isa = PBXBuildFile; fileRef = 2C6949F51E5DA7F1008BBB79 /* Main.storyboard */; };
		2C6949F91E5DA7F1008BBB79 /* Assets.xcassets in Resources */ = {isa = PBXBuildFile; fileRef = 2C6949F81E5DA7F1008BBB79 /* Assets.xcassets */; };
		2C6949FC1E5DA7F1008BBB79 /* LaunchScreen.storyboard in Resources */ = {isa = PBXBuildFile; fileRef = 2C6949FA1E5DA7F1008BBB79 /* LaunchScreen.storyboard */; };
		2C694A041E5DA95A008BBB79 /* LoginViewController.swift in Sources */ = {isa = PBXBuildFile; fileRef = 2C694A031E5DA95A008BBB79 /* LoginViewController.swift */; };
		C85A747F62444C9B6816DBDF /* Pods_TwitterClient.framework in Frameworks */ = {isa = PBXBuildFile; fileRef = 3C3D307287D7675393280F2F /* Pods_TwitterClient.framework */; };
/* End PBXBuildFile section */

/* Begin PBXFileReference section */
		0AAF0FCBB582CCF58F61DC4C /* Pods-TwitterClient.release.xcconfig */ = {isa = PBXFileReference; includeInIndex = 1; lastKnownFileType = text.xcconfig; name = "Pods-TwitterClient.release.xcconfig"; path = "Pods/Target Support Files/Pods-TwitterClient/Pods-TwitterClient.release.xcconfig"; sourceTree = "<group>"; };
		2C2135D01E64604F008F1AF5 /* User.swift */ = {isa = PBXFileReference; fileEncoding = 4; lastKnownFileType = sourcecode.swift; path = User.swift; sourceTree = "<group>"; };
		2C2135D21E64605F008F1AF5 /* Tweet.swift */ = {isa = PBXFileReference; fileEncoding = 4; lastKnownFileType = sourcecode.swift; path = Tweet.swift; sourceTree = "<group>"; };
		2C6949EE1E5DA7F1008BBB79 /* TwitterClient.app */ = {isa = PBXFileReference; explicitFileType = wrapper.application; includeInIndex = 0; path = TwitterClient.app; sourceTree = BUILT_PRODUCTS_DIR; };
		2C6949F11E5DA7F1008BBB79 /* AppDelegate.swift */ = {isa = PBXFileReference; lastKnownFileType = sourcecode.swift; path = AppDelegate.swift; sourceTree = "<group>"; };
		2C6949F61E5DA7F1008BBB79 /* Base */ = {isa = PBXFileReference; lastKnownFileType = file.storyboard; name = Base; path = Base.lproj/Main.storyboard; sourceTree = "<group>"; };
		2C6949F81E5DA7F1008BBB79 /* Assets.xcassets */ = {isa = PBXFileReference; lastKnownFileType = folder.assetcatalog; path = Assets.xcassets; sourceTree = "<group>"; };
		2C6949FB1E5DA7F1008BBB79 /* Base */ = {isa = PBXFileReference; lastKnownFileType = file.storyboard; name = Base; path = Base.lproj/LaunchScreen.storyboard; sourceTree = "<group>"; };
		2C6949FD1E5DA7F1008BBB79 /* Info.plist */ = {isa = PBXFileReference; lastKnownFileType = text.plist.xml; path = Info.plist; sourceTree = "<group>"; };
		2C694A031E5DA95A008BBB79 /* LoginViewController.swift */ = {isa = PBXFileReference; fileEncoding = 4; lastKnownFileType = sourcecode.swift; path = LoginViewController.swift; sourceTree = "<group>"; };
		3C3D307287D7675393280F2F /* Pods_TwitterClient.framework */ = {isa = PBXFileReference; explicitFileType = wrapper.framework; includeInIndex = 0; path = Pods_TwitterClient.framework; sourceTree = BUILT_PRODUCTS_DIR; };
		AC034227A572E5FBF67C1222 /* Pods-TwitterClient.debug.xcconfig */ = {isa = PBXFileReference; includeInIndex = 1; lastKnownFileType = text.xcconfig; name = "Pods-TwitterClient.debug.xcconfig"; path = "Pods/Target Support Files/Pods-TwitterClient/Pods-TwitterClient.debug.xcconfig"; sourceTree = "<group>"; };
/* End PBXFileReference section */

/* Begin PBXFrameworksBuildPhase section */
		2C6949EB1E5DA7F1008BBB79 /* Frameworks */ = {
			isa = PBXFrameworksBuildPhase;
			buildActionMask = 2147483647;
			files = (
				C85A747F62444C9B6816DBDF /* Pods_TwitterClient.framework in Frameworks */,
			);
			runOnlyForDeploymentPostprocessing = 0;
		};
/* End PBXFrameworksBuildPhase section */

/* Begin PBXGroup section */
		2C2135CE1E646019008F1AF5 /* Models */ = {
			isa = PBXGroup;
			children = (
				2C2135D01E64604F008F1AF5 /* User.swift */,
				2C2135D21E64605F008F1AF5 /* Tweet.swift */,
			);
			name = Models;
			sourceTree = "<group>";
		};
		2C2135CF1E646023008F1AF5 /* ViewControllers */ = {
			isa = PBXGroup;
			children = (
				2C694A031E5DA95A008BBB79 /* LoginViewController.swift */,
			);
			name = ViewControllers;
			sourceTree = "<group>";
		};
		2C6949E51E5DA7F1008BBB79 = {
			isa = PBXGroup;
			children = (
				2C6949F01E5DA7F1008BBB79 /* TwitterClient */,
				2C6949EF1E5DA7F1008BBB79 /* Products */,
				68787B6F7A3525128D783179 /* Pods */,
				57AFF027C9B4D671FBECACAC /* Frameworks */,
			);
			sourceTree = "<group>";
		};
		2C6949EF1E5DA7F1008BBB79 /* Products */ = {
			isa = PBXGroup;
			children = (
				2C6949EE1E5DA7F1008BBB79 /* TwitterClient.app */,
			);
			name = Products;
			sourceTree = "<group>";
		};
		2C6949F01E5DA7F1008BBB79 /* TwitterClient */ = {
			isa = PBXGroup;
			children = (
				2C2135CF1E646023008F1AF5 /* ViewControllers */,
				2C2135CE1E646019008F1AF5 /* Models */,
				2C6949F11E5DA7F1008BBB79 /* AppDelegate.swift */,
				2C6949F51E5DA7F1008BBB79 /* Main.storyboard */,
				2C6949F81E5DA7F1008BBB79 /* Assets.xcassets */,
				2C6949FA1E5DA7F1008BBB79 /* LaunchScreen.storyboard */,
				2C6949FD1E5DA7F1008BBB79 /* Info.plist */,
			);
			path = TwitterClient;
			sourceTree = "<group>";
		};
		57AFF027C9B4D671FBECACAC /* Frameworks */ = {
			isa = PBXGroup;
			children = (
				3C3D307287D7675393280F2F /* Pods_TwitterClient.framework */,
			);
			name = Frameworks;
			sourceTree = "<group>";
		};
		68787B6F7A3525128D783179 /* Pods */ = {
			isa = PBXGroup;
			children = (
				AC034227A572E5FBF67C1222 /* Pods-TwitterClient.debug.xcconfig */,
				0AAF0FCBB582CCF58F61DC4C /* Pods-TwitterClient.release.xcconfig */,
			);
			name = Pods;
			sourceTree = "<group>";
		};
/* End PBXGroup section */

/* Begin PBXNativeTarget section */
		2C6949ED1E5DA7F1008BBB79 /* TwitterClient */ = {
			isa = PBXNativeTarget;
			buildConfigurationList = 2C694A001E5DA7F1008BBB79 /* Build configuration list for PBXNativeTarget "TwitterClient" */;
			buildPhases = (
				E4F19D3F628C80E4BBD53CD5 /* [CP] Check Pods Manifest.lock */,
				2C6949EA1E5DA7F1008BBB79 /* Sources */,
				2C6949EB1E5DA7F1008BBB79 /* Frameworks */,
				2C6949EC1E5DA7F1008BBB79 /* Resources */,
				2F3E6E812688C2FA3303031F /* [CP] Embed Pods Frameworks */,
				BB26B8A479146D9276CAE4AB /* [CP] Copy Pods Resources */,
			);
			buildRules = (
			);
			dependencies = (
			);
			name = TwitterClient;
			productName = TwitterClient;
			productReference = 2C6949EE1E5DA7F1008BBB79 /* TwitterClient.app */;
			productType = "com.apple.product-type.application";
		};
/* End PBXNativeTarget section */

/* Begin PBXProject section */
		2C6949E61E5DA7F1008BBB79 /* Project object */ = {
			isa = PBXProject;
			attributes = {
				LastSwiftUpdateCheck = 0820;
				LastUpgradeCheck = 0820;
				ORGANIZATIONNAME = "Sandeep Raghunandhan";
				TargetAttributes = {
					2C6949ED1E5DA7F1008BBB79 = {
						CreatedOnToolsVersion = 8.2.1;
						DevelopmentTeam = 2SP49XQ42W;
						ProvisioningStyle = Automatic;
					};
				};
			};
			buildConfigurationList = 2C6949E91E5DA7F1008BBB79 /* Build configuration list for PBXProject "TwitterClient" */;
			compatibilityVersion = "Xcode 3.2";
			developmentRegion = English;
			hasScannedForEncodings = 0;
			knownRegions = (
				en,
				Base,
			);
			mainGroup = 2C6949E51E5DA7F1008BBB79;
			productRefGroup = 2C6949EF1E5DA7F1008BBB79 /* Products */;
			projectDirPath = "";
			projectRoot = "";
			targets = (
				2C6949ED1E5DA7F1008BBB79 /* TwitterClient */,
			);
		};
/* End PBXProject section */

/* Begin PBXResourcesBuildPhase section */
		2C6949EC1E5DA7F1008BBB79 /* Resources */ = {
			isa = PBXResourcesBuildPhase;
			buildActionMask = 2147483647;
			files = (
				2C6949FC1E5DA7F1008BBB79 /* LaunchScreen.storyboard in Resources */,
				2C6949F91E5DA7F1008BBB79 /* Assets.xcassets in Resources */,
				2C6949F71E5DA7F1008BBB79 /* Main.storyboard in Resources */,
			);
			runOnlyForDeploymentPostprocessing = 0;
		};
/* End PBXResourcesBuildPhase section */

/* Begin PBXShellScriptBuildPhase section */
		2F3E6E812688C2FA3303031F /* [CP] Embed Pods Frameworks */ = {
			isa = PBXShellScriptBuildPhase;
			buildActionMask = 2147483647;
			files = (
			);
			inputPaths = (
			);
			name = "[CP] Embed Pods Frameworks";
			outputPaths = (
			);
			runOnlyForDeploymentPostprocessing = 0;
			shellPath = /bin/sh;
			shellScript = "\"${SRCROOT}/Pods/Target Support Files/Pods-TwitterClient/Pods-TwitterClient-frameworks.sh\"\n";
			showEnvVarsInLog = 0;
		};
		BB26B8A479146D9276CAE4AB /* [CP] Copy Pods Resources */ = {
			isa = PBXShellScriptBuildPhase;
			buildActionMask = 2147483647;
			files = (
			);
			inputPaths = (
			);
			name = "[CP] Copy Pods Resources";
			outputPaths = (
			);
			runOnlyForDeploymentPostprocessing = 0;
			shellPath = /bin/sh;
			shellScript = "\"${SRCROOT}/Pods/Target Support Files/Pods-TwitterClient/Pods-TwitterClient-resources.sh\"\n";
			showEnvVarsInLog = 0;
		};
		E4F19D3F628C80E4BBD53CD5 /* [CP] Check Pods Manifest.lock */ = {
			isa = PBXShellScriptBuildPhase;
			buildActionMask = 2147483647;
			files = (
			);
			inputPaths = (
			);
			name = "[CP] Check Pods Manifest.lock";
			outputPaths = (
			);
			runOnlyForDeploymentPostprocessing = 0;
			shellPath = /bin/sh;
			shellScript = "diff \"${PODS_ROOT}/../Podfile.lock\" \"${PODS_ROOT}/Manifest.lock\" > /dev/null\nif [ $? != 0 ] ; then\n    # print error to STDERR\n    echo \"error: The sandbox is not in sync with the Podfile.lock. Run 'pod install' or update your CocoaPods installation.\" >&2\n    exit 1\nfi\n";
			showEnvVarsInLog = 0;
		};
/* End PBXShellScriptBuildPhase section */

/* Begin PBXSourcesBuildPhase section */
		2C6949EA1E5DA7F1008BBB79 /* Sources */ = {
			isa = PBXSourcesBuildPhase;
			buildActionMask = 2147483647;
			files = (
				2C694A041E5DA95A008BBB79 /* LoginViewController.swift in Sources */,
				2C6949F21E5DA7F1008BBB79 /* AppDelegate.swift in Sources */,
				2C2135D11E64604F008F1AF5 /* User.swift in Sources */,
				2C2135D31E64605F008F1AF5 /* Tweet.swift in Sources */,
			);
			runOnlyForDeploymentPostprocessing = 0;
		};
/* End PBXSourcesBuildPhase section */

/* Begin PBXVariantGroup section */
		2C6949F51E5DA7F1008BBB79 /* Main.storyboard */ = {
			isa = PBXVariantGroup;
			children = (
				2C6949F61E5DA7F1008BBB79 /* Base */,
			);
			name = Main.storyboard;
			sourceTree = "<group>";
		};
		2C6949FA1E5DA7F1008BBB79 /* LaunchScreen.storyboard */ = {
			isa = PBXVariantGroup;
			children = (
				2C6949FB1E5DA7F1008BBB79 /* Base */,
			);
			name = LaunchScreen.storyboard;
			sourceTree = "<group>";
		};
/* End PBXVariantGroup section */

/* Begin XCBuildConfiguration section */
		2C6949FE1E5DA7F1008BBB79 /* Debug */ = {
			isa = XCBuildConfiguration;
			buildSettings = {
				ALWAYS_SEARCH_USER_PATHS = NO;
				CLANG_ANALYZER_NONNULL = YES;
				CLANG_CXX_LANGUAGE_STANDARD = "gnu++0x";
				CLANG_CXX_LIBRARY = "libc++";
				CLANG_ENABLE_MODULES = YES;
				CLANG_ENABLE_OBJC_ARC = YES;
				CLANG_WARN_BOOL_CONVERSION = YES;
				CLANG_WARN_CONSTANT_CONVERSION = YES;
				CLANG_WARN_DIRECT_OBJC_ISA_USAGE = YES_ERROR;
				CLANG_WARN_DOCUMENTATION_COMMENTS = YES;
				CLANG_WARN_EMPTY_BODY = YES;
				CLANG_WARN_ENUM_CONVERSION = YES;
				CLANG_WARN_INFINITE_RECURSION = YES;
				CLANG_WARN_INT_CONVERSION = YES;
				CLANG_WARN_OBJC_ROOT_CLASS = YES_ERROR;
				CLANG_WARN_SUSPICIOUS_MOVE = YES;
				CLANG_WARN_UNREACHABLE_CODE = YES;
				CLANG_WARN__DUPLICATE_METHOD_MATCH = YES;
				"CODE_SIGN_IDENTITY[sdk=iphoneos*]" = "iPhone Developer";
				COPY_PHASE_STRIP = NO;
				DEBUG_INFORMATION_FORMAT = dwarf;
				ENABLE_STRICT_OBJC_MSGSEND = YES;
				ENABLE_TESTABILITY = YES;
				GCC_C_LANGUAGE_STANDARD = gnu99;
				GCC_DYNAMIC_NO_PIC = NO;
				GCC_NO_COMMON_BLOCKS = YES;
				GCC_OPTIMIZATION_LEVEL = 0;
				GCC_PREPROCESSOR_DEFINITIONS = (
					"DEBUG=1",
					"$(inherited)",
				);
				GCC_WARN_64_TO_32_BIT_CONVERSION = YES;
				GCC_WARN_ABOUT_RETURN_TYPE = YES_ERROR;
				GCC_WARN_UNDECLARED_SELECTOR = YES;
				GCC_WARN_UNINITIALIZED_AUTOS = YES_AGGRESSIVE;
				GCC_WARN_UNUSED_FUNCTION = YES;
				GCC_WARN_UNUSED_VARIABLE = YES;
				IPHONEOS_DEPLOYMENT_TARGET = 10.2;
				MTL_ENABLE_DEBUG_INFO = YES;
				ONLY_ACTIVE_ARCH = YES;
				SDKROOT = iphoneos;
				SWIFT_ACTIVE_COMPILATION_CONDITIONS = DEBUG;
				SWIFT_OPTIMIZATION_LEVEL = "-Onone";
			};
			name = Debug;
		};
		2C6949FF1E5DA7F1008BBB79 /* Release */ = {
			isa = XCBuildConfiguration;
			buildSettings = {
				ALWAYS_SEARCH_USER_PATHS = NO;
				CLANG_ANALYZER_NONNULL = YES;
				CLANG_CXX_LANGUAGE_STANDARD = "gnu++0x";
				CLANG_CXX_LIBRARY = "libc++";
				CLANG_ENABLE_MODULES = YES;
				CLANG_ENABLE_OBJC_ARC = YES;
				CLANG_WARN_BOOL_CONVERSION = YES;
				CLANG_WARN_CONSTANT_CONVERSION = YES;
				CLANG_WARN_DIRECT_OBJC_ISA_USAGE = YES_ERROR;
				CLANG_WARN_DOCUMENTATION_COMMENTS = YES;
				CLANG_WARN_EMPTY_BODY = YES;
				CLANG_WARN_ENUM_CONVERSION = YES;
				CLANG_WARN_INFINITE_RECURSION = YES;
				CLANG_WARN_INT_CONVERSION = YES;
				CLANG_WARN_OBJC_ROOT_CLASS = YES_ERROR;
				CLANG_WARN_SUSPICIOUS_MOVE = YES;
				CLANG_WARN_UNREACHABLE_CODE = YES;
				CLANG_WARN__DUPLICATE_METHOD_MATCH = YES;
				"CODE_SIGN_IDENTITY[sdk=iphoneos*]" = "iPhone Developer";
				COPY_PHASE_STRIP = NO;
				DEBUG_INFORMATION_FORMAT = "dwarf-with-dsym";
				ENABLE_NS_ASSERTIONS = NO;
				ENABLE_STRICT_OBJC_MSGSEND = YES;
				GCC_C_LANGUAGE_STANDARD = gnu99;
				GCC_NO_COMMON_BLOCKS = YES;
				GCC_WARN_64_TO_32_BIT_CONVERSION = YES;
				GCC_WARN_ABOUT_RETURN_TYPE = YES_ERROR;
				GCC_WARN_UNDECLARED_SELECTOR = YES;
				GCC_WARN_UNINITIALIZED_AUTOS = YES_AGGRESSIVE;
				GCC_WARN_UNUSED_FUNCTION = YES;
				GCC_WARN_UNUSED_VARIABLE = YES;
				IPHONEOS_DEPLOYMENT_TARGET = 10.2;
				MTL_ENABLE_DEBUG_INFO = NO;
				SDKROOT = iphoneos;
				SWIFT_OPTIMIZATION_LEVEL = "-Owholemodule";
				VALIDATE_PRODUCT = YES;
			};
			name = Release;
		};
		2C694A011E5DA7F1008BBB79 /* Debug */ = {
			isa = XCBuildConfiguration;
			baseConfigurationReference = AC034227A572E5FBF67C1222 /* Pods-TwitterClient.debug.xcconfig */;
			buildSettings = {
				ASSETCATALOG_COMPILER_APPICON_NAME = AppIcon;
				DEVELOPMENT_TEAM = 2SP49XQ42W;
				INFOPLIST_FILE = TwitterClient/Info.plist;
				LD_RUNPATH_SEARCH_PATHS = "$(inherited) @executable_path/Frameworks";
				PRODUCT_BUNDLE_IDENTIFIER = com.sandeepraghu.TwitterClient;
				PRODUCT_NAME = "$(TARGET_NAME)";
				SWIFT_VERSION = 3.0;
			};
			name = Debug;
		};
		2C694A021E5DA7F1008BBB79 /* Release */ = {
			isa = XCBuildConfiguration;
			baseConfigurationReference = 0AAF0FCBB582CCF58F61DC4C /* Pods-TwitterClient.release.xcconfig */;
			buildSettings = {
				ASSETCATALOG_COMPILER_APPICON_NAME = AppIcon;
				DEVELOPMENT_TEAM = 2SP49XQ42W;
				INFOPLIST_FILE = TwitterClient/Info.plist;
				LD_RUNPATH_SEARCH_PATHS = "$(inherited) @executable_path/Frameworks";
				PRODUCT_BUNDLE_IDENTIFIER = com.sandeepraghu.TwitterClient;
				PRODUCT_NAME = "$(TARGET_NAME)";
				SWIFT_VERSION = 3.0;
			};
			name = Release;
		};
/* End XCBuildConfiguration section */

/* Begin XCConfigurationList section */
		2C6949E91E5DA7F1008BBB79 /* Build configuration list for PBXProject "TwitterClient" */ = {
			isa = XCConfigurationList;
			buildConfigurations = (
				2C6949FE1E5DA7F1008BBB79 /* Debug */,
				2C6949FF1E5DA7F1008BBB79 /* Release */,
			);
			defaultConfigurationIsVisible = 0;
			defaultConfigurationName = Release;
		};
		2C694A001E5DA7F1008BBB79 /* Build configuration list for PBXNativeTarget "TwitterClient" */ = {
			isa = XCConfigurationList;
			buildConfigurations = (
				2C694A011E5DA7F1008BBB79 /* Debug */,
				2C694A021E5DA7F1008BBB79 /* Release */,
			);
			defaultConfigurationIsVisible = 0;
			defaultConfigurationName = Release;
		};
/* End XCConfigurationList section */
	};
	rootObject = 2C6949E61E5DA7F1008BBB79 /* Project object */;
}
